{
  "nodes": {
    "cpu-architectures": {
      "locked": {
        "lastModified": 1,
        "narHash": "sha256-nFx5wC7whUnCL1FbamkOA02XM7himk2BVASI7LYStFM=",
        "path": "./cpu-architectures",
        "type": "path"
      },
      "original": {
        "path": "./cpu-architectures",
        "type": "path"
      }
    },
    "root": {
      "inputs": {
        "cpu-architectures": "cpu-architectures"
      }
    }
  },
  "root": "root",
  "version": 7
}
